
Microsoft Visual Studio Solution File, Format Version 12.00
# Visual Studio Version 17
VisualStudioVersion = 17.8.34219.65
MinimumVisualStudioVersion = 10.0.40219.1
Project("{FAE04EC0-301F-11D3-BF4B-00C04F79EFBC}") = "EmployeeMVCFramework", "EmployeeMVCFramework\EmployeeMVCFramework.csproj", "{01334EE3-F119-4D57-A000-9CBEE51E59DD}"
EndProject
Global
	GlobalSection(SolutionConfigurationPlatforms) = preSolution
		Debug|Any CPU = Debug|Any CPU
		Release|Any CPU = Release|Any CPU
	EndGlobalSection
	GlobalSection(ProjectConfigurationPlatforms) = postSolution
		{01334EE3-F119-4D57-A000-9CBEE51E59DD}.Debug|Any CPU.ActiveCfg = Debug|Any CPU
		{01334EE3-F119-4D57-A000-9CBEE51E59DD}.Debug|Any CPU.Build.0 = Debug|Any CPU
		{01334EE3-F119-4D57-A000-9CBEE51E59DD}.Release|Any CPU.ActiveCfg = Release|Any CPU
		{01334EE3-F119-4D57-A000-9CBEE51E59DD}.Release|Any CPU.Build.0 = Release|Any CPU
	EndGlobalSection
	GlobalSection(SolutionProperties) = preSolution
		HideSolutionNode = FALSE
	EndGlobalSection
	GlobalSection(ExtensibilityGlobals) = postSolution
		SolutionGuid = {4E05604A-3498-46A5-AD45-B54AA64A75AD}
	EndGlobalSection
EndGlobal
