
Microsoft Visual Studio Solution File, Format Version 12.00
# Visual Studio Version 17
VisualStudioVersion = 17.8.34219.65
MinimumVisualStudioVersion = 10.0.40219.1
Project("{FAE04EC0-301F-11D3-BF4B-00C04F79EFBC}") = "AJAXExample", "AJAXExample.csproj", "{0925CF38-1ABB-4262-92BE-A2646F0F4FFE}"
EndProject
Global
	GlobalSection(SolutionConfigurationPlatforms) = preSolution
		Debug|Any CPU = Debug|Any CPU
		Release|Any CPU = Release|Any CPU
	EndGlobalSection
	GlobalSection(ProjectConfigurationPlatforms) = postSolution
		{0925CF38-1ABB-4262-92BE-A2646F0F4FFE}.Debug|Any CPU.ActiveCfg = Debug|Any CPU
		{0925CF38-1ABB-4262-92BE-A2646F0F4FFE}.Debug|Any CPU.Build.0 = Debug|Any CPU
		{0925CF38-1ABB-4262-92BE-A2646F0F4FFE}.Release|Any CPU.ActiveCfg = Release|Any CPU
		{0925CF38-1ABB-4262-92BE-A2646F0F4FFE}.Release|Any CPU.Build.0 = Release|Any CPU
	EndGlobalSection
	GlobalSection(SolutionProperties) = preSolution
		HideSolutionNode = FALSE
	EndGlobalSection
	GlobalSection(ExtensibilityGlobals) = postSolution
		SolutionGuid = {10D6E97A-83FE-4407-B930-F4267D324A72}
	EndGlobalSection
EndGlobal
