
Microsoft Visual Studio Solution File, Format Version 12.00
# Visual Studio Version 17
VisualStudioVersion = 17.8.34219.65
MinimumVisualStudioVersion = 10.0.40219.1
Project("{FAE04EC0-301F-11D3-BF4B-00C04F79EFBC}") = "DataBoundControls", "DataBoundControls.csproj", "{4A309250-FFB4-4DDD-A24E-EB53AC04B938}"
EndProject
Global
	GlobalSection(SolutionConfigurationPlatforms) = preSolution
		Debug|Any CPU = Debug|Any CPU
		Release|Any CPU = Release|Any CPU
	EndGlobalSection
	GlobalSection(ProjectConfigurationPlatforms) = postSolution
		{4A309250-FFB4-4DDD-A24E-EB53AC04B938}.Debug|Any CPU.ActiveCfg = Debug|Any CPU
		{4A309250-FFB4-4DDD-A24E-EB53AC04B938}.Debug|Any CPU.Build.0 = Debug|Any CPU
		{4A309250-FFB4-4DDD-A24E-EB53AC04B938}.Release|Any CPU.ActiveCfg = Release|Any CPU
		{4A309250-FFB4-4DDD-A24E-EB53AC04B938}.Release|Any CPU.Build.0 = Release|Any CPU
	EndGlobalSection
	GlobalSection(SolutionProperties) = preSolution
		HideSolutionNode = FALSE
	EndGlobalSection
	GlobalSection(ExtensibilityGlobals) = postSolution
		SolutionGuid = {AA29B7A5-19A0-42D9-B3E8-2C15E2C339B1}
	EndGlobalSection
EndGlobal
