
Microsoft Visual Studio Solution File, Format Version 12.00
# Visual Studio Version 17
VisualStudioVersion = 17.8.34219.65
MinimumVisualStudioVersion = 10.0.40219.1
Project("{FAE04EC0-301F-11D3-BF4B-00C04F79EFBC}") = "DataboundControls", "DataboundControls.csproj", "{A9D7AD48-6C9D-4E83-8106-4D0C359A0313}"
EndProject
Global
	GlobalSection(SolutionConfigurationPlatforms) = preSolution
		Debug|Any CPU = Debug|Any CPU
		Release|Any CPU = Release|Any CPU
	EndGlobalSection
	GlobalSection(ProjectConfigurationPlatforms) = postSolution
		{A9D7AD48-6C9D-4E83-8106-4D0C359A0313}.Debug|Any CPU.ActiveCfg = Debug|Any CPU
		{A9D7AD48-6C9D-4E83-8106-4D0C359A0313}.Debug|Any CPU.Build.0 = Debug|Any CPU
		{A9D7AD48-6C9D-4E83-8106-4D0C359A0313}.Release|Any CPU.ActiveCfg = Release|Any CPU
		{A9D7AD48-6C9D-4E83-8106-4D0C359A0313}.Release|Any CPU.Build.0 = Release|Any CPU
	EndGlobalSection
	GlobalSection(SolutionProperties) = preSolution
		HideSolutionNode = FALSE
	EndGlobalSection
	GlobalSection(ExtensibilityGlobals) = postSolution
		SolutionGuid = {CEBE8E95-86F2-4959-85DB-C459DC128B33}
	EndGlobalSection
EndGlobal
